
Microsoft Visual Studio Solution File, Format Version 12.00
# Visual Studio Version 17
VisualStudioVersion = 17.0.31903.59
MinimumVisualStudioVersion = 10.0.40219.1
Project("{2150E333-8FDC-42A3-9474-1A3956D46DE8}") = "src", "src", "{B4C68BC1-722B-4069-9E4D-7E7FB04FA20A}"
EndProject
Project("{2150E333-8FDC-42A3-9474-1A3956D46DE8}") = "tests", "tests", "{CE774A12-53F2-4F94-ADFA-96E36863AED4}"
EndProject
Project("{FAE04EC0-301F-11D3-BF4B-00C04F79EFBC}") = "Lexer", "src\Lexer\Lexer.csproj", "{63593DDF-4A42-41BF-8281-181F6D2EC2E9}"
EndProject
Project("{FAE04EC0-301F-11D3-BF4B-00C04F79EFBC}") = "Lexer.UnitTests", "tests\Lexer.UnitTests\Lexer.UnitTests.csproj", "{B9AF6DA6-1A65-494E-B09B-5306EE8A8170}"
EndProject
Project("{FAE04EC0-301F-11D3-BF4B-00C04F79EFBC}") = "Parser", "src\Parser\Parser.csproj", "{56C5632C-15AD-4C72-8C03-5FC16BABD4AE}"
EndProject
Project("{FAE04EC0-301F-11D3-BF4B-00C04F79EFBC}") = "Parser.UnitTests", "tests\Parser.UnitTests\Parser.UnitTests.csproj", "{3C738D54-24C6-426F-B6CC-2AC6CBE316BF}"
EndProject
Project("{FAE04EC0-301F-11D3-BF4B-00C04F79EFBC}") = "Execution", "src\Execution\Execution.csproj", "{EA3834EE-49FE-4273-B4FD-5BA7C0A1D8C3}"
EndProject
Project("{FAE04EC0-301F-11D3-BF4B-00C04F79EFBC}") = "Interpreter", "src\Interpreter\Interpreter.csproj", "{D69A81DE-AEAA-4250-87C6-D7E6B3E8AA83}"
EndProject
Project("{FAE04EC0-301F-11D3-BF4B-00C04F79EFBC}") = "Interpreter.UnitTests", "tests\Interpreter.UnitTests\Interpreter.UnitTests.csproj", "{F0ACAD8B-1B43-42C4-BBF3-058CD29CAD73}"
EndProject
Project("{FAE04EC0-301F-11D3-BF4B-00C04F79EFBC}") = "Ast", "src\Ast\Ast.csproj", "{581BCDF8-1AD2-414F-BEE8-7C99C3C18902}"
EndProject
Project("{FAE04EC0-301F-11D3-BF4B-00C04F79EFBC}") = "Runtime", "src\Runtime\Runtime.csproj", "{519407CC-16AF-40CA-AE67-DD873B50BAF7}"
EndProject
Project("{FAE04EC0-301F-11D3-BF4B-00C04F79EFBC}") = "Compiler", "src\Compiler\Compiler.csproj", "{79CBDF7F-1D99-495B-9F5A-3FACB57E2EB2}"
EndProject
Project("{FAE04EC0-301F-11D3-BF4B-00C04F79EFBC}") = "MsilBackend", "src\MsilBackend\MsilBackend.csproj", "{A3BACA1F-0D80-4615-A8FB-19EFCC8779C6}"
EndProject
Project("{FAE04EC0-301F-11D3-BF4B-00C04F79EFBC}") = "MsilCodegen", "src\MsilCodegen\MsilCodegen.csproj", "{EBB3EA94-D5DD-4B6A-850B-45C115B7A0B6}"
EndProject
Global
	GlobalSection(SolutionConfigurationPlatforms) = preSolution
		Debug|Any CPU = Debug|Any CPU
		Release|Any CPU = Release|Any CPU
	EndGlobalSection
	GlobalSection(ProjectConfigurationPlatforms) = postSolution
		{63593DDF-4A42-41BF-8281-181F6D2EC2E9}.Debug|Any CPU.ActiveCfg = Debug|Any CPU
		{63593DDF-4A42-41BF-8281-181F6D2EC2E9}.Debug|Any CPU.Build.0 = Debug|Any CPU
		{63593DDF-4A42-41BF-8281-181F6D2EC2E9}.Release|Any CPU.ActiveCfg = Release|Any CPU
		{63593DDF-4A42-41BF-8281-181F6D2EC2E9}.Release|Any CPU.Build.0 = Release|Any CPU
		{B9AF6DA6-1A65-494E-B09B-5306EE8A8170}.Debug|Any CPU.ActiveCfg = Debug|Any CPU
		{B9AF6DA6-1A65-494E-B09B-5306EE8A8170}.Debug|Any CPU.Build.0 = Debug|Any CPU
		{B9AF6DA6-1A65-494E-B09B-5306EE8A8170}.Release|Any CPU.ActiveCfg = Release|Any CPU
		{B9AF6DA6-1A65-494E-B09B-5306EE8A8170}.Release|Any CPU.Build.0 = Release|Any CPU
		{56C5632C-15AD-4C72-8C03-5FC16BABD4AE}.Debug|Any CPU.ActiveCfg = Debug|Any CPU
		{56C5632C-15AD-4C72-8C03-5FC16BABD4AE}.Debug|Any CPU.Build.0 = Debug|Any CPU
		{56C5632C-15AD-4C72-8C03-5FC16BABD4AE}.Release|Any CPU.ActiveCfg = Release|Any CPU
		{56C5632C-15AD-4C72-8C03-5FC16BABD4AE}.Release|Any CPU.Build.0 = Release|Any CPU
		{3C738D54-24C6-426F-B6CC-2AC6CBE316BF}.Debug|Any CPU.ActiveCfg = Debug|Any CPU
		{3C738D54-24C6-426F-B6CC-2AC6CBE316BF}.Debug|Any CPU.Build.0 = Debug|Any CPU
		{3C738D54-24C6-426F-B6CC-2AC6CBE316BF}.Release|Any CPU.ActiveCfg = Release|Any CPU
		{3C738D54-24C6-426F-B6CC-2AC6CBE316BF}.Release|Any CPU.Build.0 = Release|Any CPU
		{EA3834EE-49FE-4273-B4FD-5BA7C0A1D8C3}.Debug|Any CPU.ActiveCfg = Debug|Any CPU
		{EA3834EE-49FE-4273-B4FD-5BA7C0A1D8C3}.Debug|Any CPU.Build.0 = Debug|Any CPU
		{EA3834EE-49FE-4273-B4FD-5BA7C0A1D8C3}.Release|Any CPU.ActiveCfg = Release|Any CPU
		{EA3834EE-49FE-4273-B4FD-5BA7C0A1D8C3}.Release|Any CPU.Build.0 = Release|Any CPU
		{D69A81DE-AEAA-4250-87C6-D7E6B3E8AA83}.Debug|Any CPU.ActiveCfg = Debug|Any CPU
		{D69A81DE-AEAA-4250-87C6-D7E6B3E8AA83}.Debug|Any CPU.Build.0 = Debug|Any CPU
		{D69A81DE-AEAA-4250-87C6-D7E6B3E8AA83}.Release|Any CPU.ActiveCfg = Release|Any CPU
		{D69A81DE-AEAA-4250-87C6-D7E6B3E8AA83}.Release|Any CPU.Build.0 = Release|Any CPU
		{F0ACAD8B-1B43-42C4-BBF3-058CD29CAD73}.Debug|Any CPU.ActiveCfg = Debug|Any CPU
		{F0ACAD8B-1B43-42C4-BBF3-058CD29CAD73}.Debug|Any CPU.Build.0 = Debug|Any CPU
		{F0ACAD8B-1B43-42C4-BBF3-058CD29CAD73}.Release|Any CPU.ActiveCfg = Release|Any CPU
		{F0ACAD8B-1B43-42C4-BBF3-058CD29CAD73}.Release|Any CPU.Build.0 = Release|Any CPU
		{581BCDF8-1AD2-414F-BEE8-7C99C3C18902}.Debug|Any CPU.ActiveCfg = Debug|Any CPU
		{581BCDF8-1AD2-414F-BEE8-7C99C3C18902}.Debug|Any CPU.Build.0 = Debug|Any CPU
		{581BCDF8-1AD2-414F-BEE8-7C99C3C18902}.Release|Any CPU.ActiveCfg = Release|Any CPU
		{581BCDF8-1AD2-414F-BEE8-7C99C3C18902}.Release|Any CPU.Build.0 = Release|Any CPU
		{519407CC-16AF-40CA-AE67-DD873B50BAF7}.Debug|Any CPU.ActiveCfg = Debug|Any CPU
		{519407CC-16AF-40CA-AE67-DD873B50BAF7}.Debug|Any CPU.Build.0 = Debug|Any CPU
		{519407CC-16AF-40CA-AE67-DD873B50BAF7}.Release|Any CPU.ActiveCfg = Release|Any CPU
		{519407CC-16AF-40CA-AE67-DD873B50BAF7}.Release|Any CPU.Build.0 = Release|Any CPU
		{79CBDF7F-1D99-495B-9F5A-3FACB57E2EB2}.Debug|Any CPU.ActiveCfg = Debug|Any CPU
		{79CBDF7F-1D99-495B-9F5A-3FACB57E2EB2}.Debug|Any CPU.Build.0 = Debug|Any CPU
		{79CBDF7F-1D99-495B-9F5A-3FACB57E2EB2}.Release|Any CPU.ActiveCfg = Release|Any CPU
		{79CBDF7F-1D99-495B-9F5A-3FACB57E2EB2}.Release|Any CPU.Build.0 = Release|Any CPU
		{A3BACA1F-0D80-4615-A8FB-19EFCC8779C6}.Debug|Any CPU.ActiveCfg = Debug|Any CPU
		{A3BACA1F-0D80-4615-A8FB-19EFCC8779C6}.Debug|Any CPU.Build.0 = Debug|Any CPU
		{A3BACA1F-0D80-4615-A8FB-19EFCC8779C6}.Release|Any CPU.ActiveCfg = Release|Any CPU
		{A3BACA1F-0D80-4615-A8FB-19EFCC8779C6}.Release|Any CPU.Build.0 = Release|Any CPU
		{EBB3EA94-D5DD-4B6A-850B-45C115B7A0B6}.Debug|Any CPU.ActiveCfg = Debug|Any CPU
		{EBB3EA94-D5DD-4B6A-850B-45C115B7A0B6}.Debug|Any CPU.Build.0 = Debug|Any CPU
		{EBB3EA94-D5DD-4B6A-850B-45C115B7A0B6}.Release|Any CPU.ActiveCfg = Release|Any CPU
		{EBB3EA94-D5DD-4B6A-850B-45C115B7A0B6}.Release|Any CPU.Build.0 = Release|Any CPU
	EndGlobalSection
	GlobalSection(SolutionProperties) = preSolution
		HideSolutionNode = FALSE
	EndGlobalSection
	GlobalSection(NestedProjects) = preSolution
		{63593DDF-4A42-41BF-8281-181F6D2EC2E9} = {B4C68BC1-722B-4069-9E4D-7E7FB04FA20A}
		{B9AF6DA6-1A65-494E-B09B-5306EE8A8170} = {CE774A12-53F2-4F94-ADFA-96E36863AED4}
		{56C5632C-15AD-4C72-8C03-5FC16BABD4AE} = {B4C68BC1-722B-4069-9E4D-7E7FB04FA20A}
		{3C738D54-24C6-426F-B6CC-2AC6CBE316BF} = {CE774A12-53F2-4F94-ADFA-96E36863AED4}
		{EA3834EE-49FE-4273-B4FD-5BA7C0A1D8C3} = {B4C68BC1-722B-4069-9E4D-7E7FB04FA20A}
		{D69A81DE-AEAA-4250-87C6-D7E6B3E8AA83} = {B4C68BC1-722B-4069-9E4D-7E7FB04FA20A}
		{F0ACAD8B-1B43-42C4-BBF3-058CD29CAD73} = {CE774A12-53F2-4F94-ADFA-96E36863AED4}
		{581BCDF8-1AD2-414F-BEE8-7C99C3C18902} = {B4C68BC1-722B-4069-9E4D-7E7FB04FA20A}
		{519407CC-16AF-40CA-AE67-DD873B50BAF7} = {B4C68BC1-722B-4069-9E4D-7E7FB04FA20A}
		{79CBDF7F-1D99-495B-9F5A-3FACB57E2EB2} = {B4C68BC1-722B-4069-9E4D-7E7FB04FA20A}
		{A3BACA1F-0D80-4615-A8FB-19EFCC8779C6} = {B4C68BC1-722B-4069-9E4D-7E7FB04FA20A}
		{EBB3EA94-D5DD-4B6A-850B-45C115B7A0B6} = {B4C68BC1-722B-4069-9E4D-7E7FB04FA20A}
	EndGlobalSection
	GlobalSection(ExtensibilityGlobals) = postSolution
		SolutionGuid = {D9D9480B-80FB-4147-BAC8-17B04487AE4C}
	EndGlobalSection
EndGlobal
